{
  "name": "hexgenerator",
  "version": "1.0.0",
  "lockfileVersion": 2,
  "requires": true,
  "packages": {
    "": {
      "name": "hexgenerator",
      "version": "1.0.0",
      "license": "ISC",
      "dependencies": {
        "hex-generator": "^1.0.1"
      }
    },
    "node_modules/hex-generator": {
      "version": "1.0.1",
      "resolved": "https://registry.npmjs.org/hex-generator/-/hex-generator-1.0.1.tgz",
      "integrity": "sha512-hUtZeVJ4UrYkM0VEACOU4BugBeEZegygTjsQNT/+avWNnTtAJiuS61gOBrgsRloaopA8tZkYQjver13sbkMppw=="
    }
  },
  "dependencies": {
    "hex-generator": {
      "version": "1.0.1",
      "resolved": "https://registry.npmjs.org/hex-generator/-/hex-generator-1.0.1.tgz",
      "integrity": "sha512-hUtZeVJ4UrYkM0VEACOU4BugBeEZegygTjsQNT/+avWNnTtAJiuS61gOBrgsRloaopA8tZkYQjver13sbkMppw=="
    }
  }
}
